
Microsoft Visual Studio Solution File, Format Version 12.00
# Visual Studio Version 16
VisualStudioVersion = 16.0.31313.79
MinimumVisualStudioVersion = 10.0.40219.1
Project("{9A19103F-16F7-4668-BE54-9A1E7A4F7556}") = "JSPMBlazorServerApp", "JSPMBlazorServerApp.csproj", "{8CAC98FF-FC8A-46B1-B0F5-BBDA2E4FB1F1}"
EndProject
Global
	GlobalSection(SolutionConfigurationPlatforms) = preSolution
		Debug|Any CPU = Debug|Any CPU
		Release|Any CPU = Release|Any CPU
	EndGlobalSection
	GlobalSection(ProjectConfigurationPlatforms) = postSolution
		{8CAC98FF-FC8A-46B1-B0F5-BBDA2E4FB1F1}.Debug|Any CPU.ActiveCfg = Debug|Any CPU
		{8CAC98FF-FC8A-46B1-B0F5-BBDA2E4FB1F1}.Debug|Any CPU.Build.0 = Debug|Any CPU
		{8CAC98FF-FC8A-46B1-B0F5-BBDA2E4FB1F1}.Release|Any CPU.ActiveCfg = Release|Any CPU
		{8CAC98FF-FC8A-46B1-B0F5-BBDA2E4FB1F1}.Release|Any CPU.Build.0 = Release|Any CPU
	EndGlobalSection
	GlobalSection(SolutionProperties) = preSolution
		HideSolutionNode = FALSE
	EndGlobalSection
	GlobalSection(ExtensibilityGlobals) = postSolution
		SolutionGuid = {4133195A-9A3F-423F-A369-6165853192C5}
	EndGlobalSection
EndGlobal
